
Microsoft Visual Studio Solution File, Format Version 12.00
# Visual Studio Version 16
VisualStudioVersion = 16.0.29905.134
MinimumVisualStudioVersion = 10.0.40219.1
Project("{FAE04EC0-301F-11D3-BF4B-00C04F79EFBC}") = "Popular", "Popular\Popular.csproj", "{4C37EE6F-4157-4D46-B6F0-B8D3ED853B5B}"
EndProject
Global
	GlobalSection(SolutionConfigurationPlatforms) = preSolution
		Debug|Any CPU = Debug|Any CPU
		Release|Any CPU = Release|Any CPU
	EndGlobalSection
	GlobalSection(ProjectConfigurationPlatforms) = postSolution
		{4C37EE6F-4157-4D46-B6F0-B8D3ED853B5B}.Debug|Any CPU.ActiveCfg = Debug|Any CPU
		{4C37EE6F-4157-4D46-B6F0-B8D3ED853B5B}.Debug|Any CPU.Build.0 = Debug|Any CPU
		{4C37EE6F-4157-4D46-B6F0-B8D3ED853B5B}.Release|Any CPU.ActiveCfg = Release|Any CPU
		{4C37EE6F-4157-4D46-B6F0-B8D3ED853B5B}.Release|Any CPU.Build.0 = Release|Any CPU
	EndGlobalSection
	GlobalSection(SolutionProperties) = preSolution
		HideSolutionNode = FALSE
	EndGlobalSection
	GlobalSection(ExtensibilityGlobals) = postSolution
		SolutionGuid = {B2EC2987-6B67-44D3-BA5C-89CE6741D277}
	EndGlobalSection
EndGlobal
